// !$*UTF8*$!
{
	archiveVersion = 1;
	classes = {
	};
	objectVersion = 77;
	objects = {

/* Begin PBXContainerItemProxy section */
		ECA18C432D202C9000F88FCE /* PBXContainerItemProxy */ = {
			isa = PBXContainerItemProxy;
			containerPortal = ECA18C2A2D202C8E00F88FCE /* Project object */;
			proxyType = 1;
			remoteGlobalIDString = ECA18C312D202C8E00F88FCE;
			remoteInfo = Overlays_mapkit;
		};
		ECA18C4D2D202C9000F88FCE /* PBXContainerItemProxy */ = {
			isa = PBXContainerItemProxy;
			containerPortal = ECA18C2A2D202C8E00F88FCE /* Project object */;
			proxyType = 1;
			remoteGlobalIDString = ECA18C312D202C8E00F88FCE;
			remoteInfo = Overlays_mapkit;
		};
/* End PBXContainerItemProxy section */

/* Begin PBXFileReference section */
		ECA18C322D202C8E00F88FCE /* Overlays_mapkit.app */ = {isa = PBXFileReference; explicitFileType = wrapper.application; includeInIndex = 0; path = Overlays_mapkit.app; sourceTree = BUILT_PRODUCTS_DIR; };
		ECA18C422D202C9000F88FCE /* Overlays_mapkitTests.xctest */ = {isa = PBXFileReference; explicitFileType = wrapper.cfbundle; includeInIndex = 0; path = Overlays_mapkitTests.xctest; sourceTree = BUILT_PRODUCTS_DIR; };
		ECA18C4C2D202C9000F88FCE /* Overlays_mapkitUITests.xctest */ = {isa = PBXFileReference; explicitFileType = wrapper.cfbundle; includeInIndex = 0; path = Overlays_mapkitUITests.xctest; sourceTree = BUILT_PRODUCTS_DIR; };
/* End PBXFileReference section */

/* Begin PBXFileSystemSynchronizedRootGroup section */
		ECA18C342D202C8E00F88FCE /* Overlays_mapkit */ = {
			isa = PBXFileSystemSynchronizedRootGroup;
			path = Overlays_mapkit;
			sourceTree = "<group>";
		};
		ECA18C452D202C9000F88FCE /* Overlays_mapkitTests */ = {
			isa = PBXFileSystemSynchronizedRootGroup;
			path = Overlays_mapkitTests;
			sourceTree = "<group>";
		};
		ECA18C4F2D202C9000F88FCE /* Overlays_mapkitUITests */ = {
			isa = PBXFileSystemSynchronizedRootGroup;
			path = Overlays_mapkitUITests;
			sourceTree = "<group>";
		};
/* End PBXFileSystemSynchronizedRootGroup section */

/* Begin PBXFrameworksBuildPhase section */
		ECA18C2F2D202C8E00F88FCE /* Frameworks */ = {
			isa = PBXFrameworksBuildPhase;
			buildActionMask = 2147483647;
			files = (
			);
			runOnlyForDeploymentPostprocessing = 0;
		};
		ECA18C3F2D202C9000F88FCE /* Frameworks */ = {
			isa = PBXFrameworksBuildPhase;
			buildActionMask = 2147483647;
			files = (
			);
			runOnlyForDeploymentPostprocessing = 0;
		};
		ECA18C492D202C9000F88FCE /* Frameworks */ = {
			isa = PBXFrameworksBuildPhase;
			buildActionMask = 2147483647;
			files = (
			);
			runOnlyForDeploymentPostprocessing = 0;
		};
/* End PBXFrameworksBuildPhase section */

/* Begin PBXGroup section */
		ECA18C292D202C8E00F88FCE = {
			isa = PBXGroup;
			children = (
				ECA18C342D202C8E00F88FCE /* Overlays_mapkit */,
				ECA18C452D202C9000F88FCE /* Overlays_mapkitTests */,
				ECA18C4F2D202C9000F88FCE /* Overlays_mapkitUITests */,
				ECA18C332D202C8E00F88FCE /* Products */,
			);
			sourceTree = "<group>";
		};
		ECA18C332D202C8E00F88FCE /* Products */ = {
			isa = PBXGroup;
			children = (
				ECA18C322D202C8E00F88FCE /* Overlays_mapkit.app */,
				ECA18C422D202C9000F88FCE /* Overlays_mapkitTests.xctest */,
				ECA18C4C2D202C9000F88FCE /* Overlays_mapkitUITests.xctest */,
			);
			name = Products;
			sourceTree = "<group>";
		};
/* End PBXGroup section */

/* Begin PBXNativeTarget section */
		ECA18C312D202C8E00F88FCE /* Overlays_mapkit */ = {
			isa = PBXNativeTarget;
			buildConfigurationList = ECA18C562D202C9000F88FCE /* Build configuration list for PBXNativeTarget "Overlays_mapkit" */;
			buildPhases = (
				ECA18C2E2D202C8E00F88FCE /* Sources */,
				ECA18C2F2D202C8E00F88FCE /* Frameworks */,
				ECA18C302D202C8E00F88FCE /* Resources */,
			);
			buildRules = (
			);
			dependencies = (
			);
			fileSystemSynchronizedGroups = (
				ECA18C342D202C8E00F88FCE /* Overlays_mapkit */,
			);
			name = Overlays_mapkit;
			packageProductDependencies = (
			);
			productName = Overlays_mapkit;
			productReference = ECA18C322D202C8E00F88FCE /* Overlays_mapkit.app */;
			productType = "com.apple.product-type.application";
		};
		ECA18C412D202C9000F88FCE /* Overlays_mapkitTests */ = {
			isa = PBXNativeTarget;
			buildConfigurationList = ECA18C592D202C9000F88FCE /* Build configuration list for PBXNativeTarget "Overlays_mapkitTests" */;
			buildPhases = (
				ECA18C3E2D202C9000F88FCE /* Sources */,
				ECA18C3F2D202C9000F88FCE /* Frameworks */,
				ECA18C402D202C9000F88FCE /* Resources */,
			);
			buildRules = (
			);
			dependencies = (
				ECA18C442D202C9000F88FCE /* PBXTargetDependency */,
			);
			fileSystemSynchronizedGroups = (
				ECA18C452D202C9000F88FCE /* Overlays_mapkitTests */,
			);
			name = Overlays_mapkitTests;
			packageProductDependencies = (
			);
			productName = Overlays_mapkitTests;
			productReference = ECA18C422D202C9000F88FCE /* Overlays_mapkitTests.xctest */;
			productType = "com.apple.product-type.bundle.unit-test";
		};
		ECA18C4B2D202C9000F88FCE /* Overlays_mapkitUITests */ = {
			isa = PBXNativeTarget;
			buildConfigurationList = ECA18C5C2D202C9000F88FCE /* Build configuration list for PBXNativeTarget "Overlays_mapkitUITests" */;
			buildPhases = (
				ECA18C482D202C9000F88FCE /* Sources */,
				ECA18C492D202C9000F88FCE /* Frameworks */,
				ECA18C4A2D202C9000F88FCE /* Resources */,
			);
			buildRules = (
			);
			dependencies = (
				ECA18C4E2D202C9000F88FCE /* PBXTargetDependency */,
			);
			fileSystemSynchronizedGroups = (
				ECA18C4F2D202C9000F88FCE /* Overlays_mapkitUITests */,
			);
			name = Overlays_mapkitUITests;
			packageProductDependencies = (
			);
			productName = Overlays_mapkitUITests;
			productReference = ECA18C4C2D202C9000F88FCE /* Overlays_mapkitUITests.xctest */;
			productType = "com.apple.product-type.bundle.ui-testing";
		};
/* End PBXNativeTarget section */

/* Begin PBXProject section */
		ECA18C2A2D202C8E00F88FCE /* Project object */ = {
			isa = PBXProject;
			attributes = {
				BuildIndependentTargetsInParallel = 1;
				LastSwiftUpdateCheck = 1620;
				LastUpgradeCheck = 1620;
				TargetAttributes = {
					ECA18C312D202C8E00F88FCE = {
						CreatedOnToolsVersion = 16.2;
					};
					ECA18C412D202C9000F88FCE = {
						CreatedOnToolsVersion = 16.2;
						TestTargetID = ECA18C312D202C8E00F88FCE;
					};
					ECA18C4B2D202C9000F88FCE = {
						CreatedOnToolsVersion = 16.2;
						TestTargetID = ECA18C312D202C8E00F88FCE;
					};
				};
			};
			buildConfigurationList = ECA18C2D2D202C8E00F88FCE /* Build configuration list for PBXProject "Overlays_mapkit" */;
			developmentRegion = en;
			hasScannedForEncodings = 0;
			knownRegions = (
				en,
				Base,
			);
			mainGroup = ECA18C292D202C8E00F88FCE;
			minimizedProjectReferenceProxies = 1;
			preferredProjectObjectVersion = 77;
			productRefGroup = ECA18C332D202C8E00F88FCE /* Products */;
			projectDirPath = "";
			projectRoot = "";
			targets = (
				ECA18C312D202C8E00F88FCE /* Overlays_mapkit */,
				ECA18C412D202C9000F88FCE /* Overlays_mapkitTests */,
				ECA18C4B2D202C9000F88FCE /* Overlays_mapkitUITests */,
			);
		};
/* End PBXProject section */

/* Begin PBXResourcesBuildPhase section */
		ECA18C302D202C8E00F88FCE /* Resources */ = {
			isa = PBXResourcesBuildPhase;
			buildActionMask = 2147483647;
			files = (
			);
			runOnlyForDeploymentPostprocessing = 0;
		};
		ECA18C402D202C9000F88FCE /* Resources */ = {
			isa = PBXResourcesBuildPhase;
			buildActionMask = 2147483647;
			files = (
			);
			runOnlyForDeploymentPostprocessing = 0;
		};
		ECA18C4A2D202C9000F88FCE /* Resources */ = {
			isa = PBXResourcesBuildPhase;
			buildActionMask = 2147483647;
			files = (
			);
			runOnlyForDeploymentPostprocessing = 0;
		};
/* End PBXResourcesBuildPhase section */

/* Begin PBXSourcesBuildPhase section */
		ECA18C2E2D202C8E00F88FCE /* Sources */ = {
			isa = PBXSourcesBuildPhase;
			buildActionMask = 2147483647;
			files = (
			);
			runOnlyForDeploymentPostprocessing = 0;
		};
		ECA18C3E2D202C9000F88FCE /* Sources */ = {
			isa = PBXSourcesBuildPhase;
			buildActionMask = 2147483647;
			files = (
			);
			runOnlyForDeploymentPostprocessing = 0;
		};
		ECA18C482D202C9000F88FCE /* Sources */ = {
			isa = PBXSourcesBuildPhase;
			buildActionMask = 2147483647;
			files = (
			);
			runOnlyForDeploymentPostprocessing = 0;
		};
/* End PBXSourcesBuildPhase section */

/* Begin PBXTargetDependency section */
		ECA18C442D202C9000F88FCE /* PBXTargetDependency */ = {
			isa = PBXTargetDependency;
			target = ECA18C312D202C8E00F88FCE /* Overlays_mapkit */;
			targetProxy = ECA18C432D202C9000F88FCE /* PBXContainerItemProxy */;
		};
		ECA18C4E2D202C9000F88FCE /* PBXTargetDependency */ = {
			isa = PBXTargetDependency;
			target = ECA18C312D202C8E00F88FCE /* Overlays_mapkit */;
			targetProxy = ECA18C4D2D202C9000F88FCE /* PBXContainerItemProxy */;
		};
/* End PBXTargetDependency section */

/* Begin XCBuildConfiguration section */
		ECA18C542D202C9000F88FCE /* Debug */ = {
			isa = XCBuildConfiguration;
			buildSettings = {
				ALWAYS_SEARCH_USER_PATHS = NO;
				ASSETCATALOG_COMPILER_GENERATE_SWIFT_ASSET_SYMBOL_EXTENSIONS = YES;
				CLANG_ANALYZER_NONNULL = YES;
				CLANG_ANALYZER_NUMBER_OBJECT_CONVERSION = YES_AGGRESSIVE;
				CLANG_CXX_LANGUAGE_STANDARD = "gnu++20";
				CLANG_ENABLE_MODULES = YES;
				CLANG_ENABLE_OBJC_ARC = YES;
				CLANG_ENABLE_OBJC_WEAK = YES;
				CLANG_WARN_BLOCK_CAPTURE_AUTORELEASING = YES;
				CLANG_WARN_BOOL_CONVERSION = YES;
				CLANG_WARN_COMMA = YES;
				CLANG_WARN_CONSTANT_CONVERSION = YES;
				CLANG_WARN_DEPRECATED_OBJC_IMPLEMENTATIONS = YES;
				CLANG_WARN_DIRECT_OBJC_ISA_USAGE = YES_ERROR;
				CLANG_WARN_DOCUMENTATION_COMMENTS = YES;
				CLANG_WARN_EMPTY_BODY = YES;
				CLANG_WARN_ENUM_CONVERSION = YES;
				CLANG_WARN_INFINITE_RECURSION = YES;
				CLANG_WARN_INT_CONVERSION = YES;
				CLANG_WARN_NON_LITERAL_NULL_CONVERSION = YES;
				CLANG_WARN_OBJC_IMPLICIT_RETAIN_SELF = YES;
				CLANG_WARN_OBJC_LITERAL_CONVERSION = YES;
				CLANG_WARN_OBJC_ROOT_CLASS = YES_ERROR;
				CLANG_WARN_QUOTED_INCLUDE_IN_FRAMEWORK_HEADER = YES;
				CLANG_WARN_RANGE_LOOP_ANALYSIS = YES;
				CLANG_WARN_STRICT_PROTOTYPES = YES;
				CLANG_WARN_SUSPICIOUS_MOVE = YES;
				CLANG_WARN_UNGUARDED_AVAILABILITY = YES_AGGRESSIVE;
				CLANG_WARN_UNREACHABLE_CODE = YES;
				CLANG_WARN__DUPLICATE_METHOD_MATCH = YES;
				COPY_PHASE_STRIP = NO;
				DEBUG_INFORMATION_FORMAT = dwarf;
				ENABLE_STRICT_OBJC_MSGSEND = YES;
				ENABLE_TESTABILITY = YES;
				ENABLE_USER_SCRIPT_SANDBOXING = YES;
				GCC_C_LANGUAGE_STANDARD = gnu17;
				GCC_DYNAMIC_NO_PIC = NO;
				GCC_NO_COMMON_BLOCKS = YES;
				GCC_OPTIMIZATION_LEVEL = 0;
				GCC_PREPROCESSOR_DEFINITIONS = (
					"DEBUG=1",
					"$(inherited)",
				);
				GCC_WARN_64_TO_32_BIT_CONVERSION = YES;
				GCC_WARN_ABOUT_RETURN_TYPE = YES_ERROR;
				GCC_WARN_UNDECLARED_SELECTOR = YES;
				GCC_WARN_UNINITIALIZED_AUTOS = YES_AGGRESSIVE;
				GCC_WARN_UNUSED_FUNCTION = YES;
				GCC_WARN_UNUSED_VARIABLE = YES;
				IPHONEOS_DEPLOYMENT_TARGET = 18.2;
				LOCALIZATION_PREFERS_STRING_CATALOGS = YES;
				MTL_ENABLE_DEBUG_INFO = INCLUDE_SOURCE;
				MTL_FAST_MATH = YES;
				ONLY_ACTIVE_ARCH = YES;
				SDKROOT = iphoneos;
				SWIFT_ACTIVE_COMPILATION_CONDITIONS = "DEBUG $(inherited)";
				SWIFT_OPTIMIZATION_LEVEL = "-Onone";
			};
			name = Debug;
		};
		ECA18C552D202C9000F88FCE /* Release */ = {
			isa = XCBuildConfiguration;
			buildSettings = {
				ALWAYS_SEARCH_USER_PATHS = NO;
				ASSETCATALOG_COMPILER_GENERATE_SWIFT_ASSET_SYMBOL_EXTENSIONS = YES;
				CLANG_ANALYZER_NONNULL = YES;
				CLANG_ANALYZER_NUMBER_OBJECT_CONVERSION = YES_AGGRESSIVE;
				CLANG_CXX_LANGUAGE_STANDARD = "gnu++20";
				CLANG_ENABLE_MODULES = YES;
				CLANG_ENABLE_OBJC_ARC = YES;
				CLANG_ENABLE_OBJC_WEAK = YES;
				CLANG_WARN_BLOCK_CAPTURE_AUTORELEASING = YES;
				CLANG_WARN_BOOL_CONVERSION = YES;
				CLANG_WARN_COMMA = YES;
				CLANG_WARN_CONSTANT_CONVERSION = YES;
				CLANG_WARN_DEPRECATED_OBJC_IMPLEMENTATIONS = YES;
				CLANG_WARN_DIRECT_OBJC_ISA_USAGE = YES_ERROR;
				CLANG_WARN_DOCUMENTATION_COMMENTS = YES;
				CLANG_WARN_EMPTY_BODY = YES;
				CLANG_WARN_ENUM_CONVERSION = YES;
				CLANG_WARN_INFINITE_RECURSION = YES;
				CLANG_WARN_INT_CONVERSION = YES;
				CLANG_WARN_NON_LITERAL_NULL_CONVERSION = YES;
				CLANG_WARN_OBJC_IMPLICIT_RETAIN_SELF = YES;
				CLANG_WARN_OBJC_LITERAL_CONVERSION = YES;
				CLANG_WARN_OBJC_ROOT_CLASS = YES_ERROR;
				CLANG_WARN_QUOTED_INCLUDE_IN_FRAMEWORK_HEADER = YES;
				CLANG_WARN_RANGE_LOOP_ANALYSIS = YES;
				CLANG_WARN_STRICT_PROTOTYPES = YES;
				CLANG_WARN_SUSPICIOUS_MOVE = YES;
				CLANG_WARN_UNGUARDED_AVAILABILITY = YES_AGGRESSIVE;
				CLANG_WARN_UNREACHABLE_CODE = YES;
				CLANG_WARN__DUPLICATE_METHOD_MATCH = YES;
				COPY_PHASE_STRIP = NO;
				DEBUG_INFORMATION_FORMAT = "dwarf-with-dsym";
				ENABLE_NS_ASSERTIONS = NO;
				ENABLE_STRICT_OBJC_MSGSEND = YES;
				ENABLE_USER_SCRIPT_SANDBOXING = YES;
				GCC_C_LANGUAGE_STANDARD = gnu17;
				GCC_NO_COMMON_BLOCKS = YES;
				GCC_WARN_64_TO_32_BIT_CONVERSION = YES;
				GCC_WARN_ABOUT_RETURN_TYPE = YES_ERROR;
				GCC_WARN_UNDECLARED_SELECTOR = YES;
				GCC_WARN_UNINITIALIZED_AUTOS = YES_AGGRESSIVE;
				GCC_WARN_UNUSED_FUNCTION = YES;
				GCC_WARN_UNUSED_VARIABLE = YES;
				IPHONEOS_DEPLOYMENT_TARGET = 18.2;
				LOCALIZATION_PREFERS_STRING_CATALOGS = YES;
				MTL_ENABLE_DEBUG_INFO = NO;
				MTL_FAST_MATH = YES;
				SDKROOT = iphoneos;
				SWIFT_COMPILATION_MODE = wholemodule;
				VALIDATE_PRODUCT = YES;
			};
			name = Release;
		};
		ECA18C572D202C9000F88FCE /* Debug */ = {
			isa = XCBuildConfiguration;
			buildSettings = {
				ASSETCATALOG_COMPILER_APPICON_NAME = AppIcon;
				ASSETCATALOG_COMPILER_GLOBAL_ACCENT_COLOR_NAME = AccentColor;
				CODE_SIGN_STYLE = Automatic;
				CURRENT_PROJECT_VERSION = 1;
				DEVELOPMENT_ASSET_PATHS = "\"Overlays_mapkit/Preview Content\"";
				ENABLE_PREVIEWS = YES;
				GENERATE_INFOPLIST_FILE = YES;
				INFOPLIST_KEY_UIApplicationSceneManifest_Generation = YES;
				INFOPLIST_KEY_UIApplicationSupportsIndirectInputEvents = YES;
				INFOPLIST_KEY_UILaunchScreen_Generation = YES;
				INFOPLIST_KEY_UISupportedInterfaceOrientations_iPad = "UIInterfaceOrientationPortrait UIInterfaceOrientationPortraitUpsideDown UIInterfaceOrientationLandscapeLeft UIInterfaceOrientationLandscapeRight";
				INFOPLIST_KEY_UISupportedInterfaceOrientations_iPhone = "UIInterfaceOrientationPortrait UIInterfaceOrientationLandscapeLeft UIInterfaceOrientationLandscapeRight";
				LD_RUNPATH_SEARCH_PATHS = (
					"$(inherited)",
					"@executable_path/Frameworks",
				);
				MARKETING_VERSION = 1.0;
				PRODUCT_BUNDLE_IDENTIFIER = "com.Overlays-mapkit";
				PRODUCT_NAME = "$(TARGET_NAME)";
				SWIFT_EMIT_LOC_STRINGS = YES;
				SWIFT_VERSION = 5.0;
				TARGETED_DEVICE_FAMILY = "1,2";
			};
			name = Debug;
		};
		ECA18C582D202C9000F88FCE /* Release */ = {
			isa = XCBuildConfiguration;
			buildSettings = {
				ASSETCATALOG_COMPILER_APPICON_NAME = AppIcon;
				ASSETCATALOG_COMPILER_GLOBAL_ACCENT_COLOR_NAME = AccentColor;
				CODE_SIGN_STYLE = Automatic;
				CURRENT_PROJECT_VERSION = 1;
				DEVELOPMENT_ASSET_PATHS = "\"Overlays_mapkit/Preview Content\"";
				ENABLE_PREVIEWS = YES;
				GENERATE_INFOPLIST_FILE = YES;
				INFOPLIST_KEY_UIApplicationSceneManifest_Generation = YES;
				INFOPLIST_KEY_UIApplicationSupportsIndirectInputEvents = YES;
				INFOPLIST_KEY_UILaunchScreen_Generation = YES;
				INFOPLIST_KEY_UISupportedInterfaceOrientations_iPad = "UIInterfaceOrientationPortrait UIInterfaceOrientationPortraitUpsideDown UIInterfaceOrientationLandscapeLeft UIInterfaceOrientationLandscapeRight";
				INFOPLIST_KEY_UISupportedInterfaceOrientations_iPhone = "UIInterfaceOrientationPortrait UIInterfaceOrientationLandscapeLeft UIInterfaceOrientationLandscapeRight";
				LD_RUNPATH_SEARCH_PATHS = (
					"$(inherited)",
					"@executable_path/Frameworks",
				);
				MARKETING_VERSION = 1.0;
				PRODUCT_BUNDLE_IDENTIFIER = "com.Overlays-mapkit";
				PRODUCT_NAME = "$(TARGET_NAME)";
				SWIFT_EMIT_LOC_STRINGS = YES;
				SWIFT_VERSION = 5.0;
				TARGETED_DEVICE_FAMILY = "1,2";
			};
			name = Release;
		};
		ECA18C5A2D202C9000F88FCE /* Debug */ = {
			isa = XCBuildConfiguration;
			buildSettings = {
				BUNDLE_LOADER = "$(TEST_HOST)";
				CODE_SIGN_STYLE = Automatic;
				CURRENT_PROJECT_VERSION = 1;
				GENERATE_INFOPLIST_FILE = YES;
				IPHONEOS_DEPLOYMENT_TARGET = 18.2;
				MARKETING_VERSION = 1.0;
				PRODUCT_BUNDLE_IDENTIFIER = "com.Overlays-mapkitTests";
				PRODUCT_NAME = "$(TARGET_NAME)";
				SWIFT_EMIT_LOC_STRINGS = NO;
				SWIFT_VERSION = 5.0;
				TARGETED_DEVICE_FAMILY = "1,2";
				TEST_HOST = "$(BUILT_PRODUCTS_DIR)/Overlays_mapkit.app/$(BUNDLE_EXECUTABLE_FOLDER_PATH)/Overlays_mapkit";
			};
			name = Debug;
		};
		ECA18C5B2D202C9000F88FCE /* Release */ = {
			isa = XCBuildConfiguration;
			buildSettings = {
				BUNDLE_LOADER = "$(TEST_HOST)";
				CODE_SIGN_STYLE = Automatic;
				CURRENT_PROJECT_VERSION = 1;
				GENERATE_INFOPLIST_FILE = YES;
				IPHONEOS_DEPLOYMENT_TARGET = 18.2;
				MARKETING_VERSION = 1.0;
				PRODUCT_BUNDLE_IDENTIFIER = "com.Overlays-mapkitTests";
				PRODUCT_NAME = "$(TARGET_NAME)";
				SWIFT_EMIT_LOC_STRINGS = NO;
				SWIFT_VERSION = 5.0;
				TARGETED_DEVICE_FAMILY = "1,2";
				TEST_HOST = "$(BUILT_PRODUCTS_DIR)/Overlays_mapkit.app/$(BUNDLE_EXECUTABLE_FOLDER_PATH)/Overlays_mapkit";
			};
			name = Release;
		};
		ECA18C5D2D202C9000F88FCE /* Debug */ = {
			isa = XCBuildConfiguration;
			buildSettings = {
				CODE_SIGN_STYLE = Automatic;
				CURRENT_PROJECT_VERSION = 1;
				GENERATE_INFOPLIST_FILE = YES;
				MARKETING_VERSION = 1.0;
				PRODUCT_BUNDLE_IDENTIFIER = "com.Overlays-mapkitUITests";
				PRODUCT_NAME = "$(TARGET_NAME)";
				SWIFT_EMIT_LOC_STRINGS = NO;
				SWIFT_VERSION = 5.0;
				TARGETED_DEVICE_FAMILY = "1,2";
				TEST_TARGET_NAME = Overlays_mapkit;
			};
			name = Debug;
		};
		ECA18C5E2D202C9000F88FCE /* Release */ = {
			isa = XCBuildConfiguration;
			buildSettings = {
				CODE_SIGN_STYLE = Automatic;
				CURRENT_PROJECT_VERSION = 1;
				GENERATE_INFOPLIST_FILE = YES;
				MARKETING_VERSION = 1.0;
				PRODUCT_BUNDLE_IDENTIFIER = "com.Overlays-mapkitUITests";
				PRODUCT_NAME = "$(TARGET_NAME)";
				SWIFT_EMIT_LOC_STRINGS = NO;
				SWIFT_VERSION = 5.0;
				TARGETED_DEVICE_FAMILY = "1,2";
				TEST_TARGET_NAME = Overlays_mapkit;
			};
			name = Release;
		};
/* End XCBuildConfiguration section */

/* Begin XCConfigurationList section */
		ECA18C2D2D202C8E00F88FCE /* Build configuration list for PBXProject "Overlays_mapkit" */ = {
			isa = XCConfigurationList;
			buildConfigurations = (
				ECA18C542D202C9000F88FCE /* Debug */,
				ECA18C552D202C9000F88FCE /* Release */,
			);
			defaultConfigurationIsVisible = 0;
			defaultConfigurationName = Release;
		};
		ECA18C562D202C9000F88FCE /* Build configuration list for PBXNativeTarget "Overlays_mapkit" */ = {
			isa = XCConfigurationList;
			buildConfigurations = (
				ECA18C572D202C9000F88FCE /* Debug */,
				ECA18C582D202C9000F88FCE /* Release */,
			);
			defaultConfigurationIsVisible = 0;
			defaultConfigurationName = Release;
		};
		ECA18C592D202C9000F88FCE /* Build configuration list for PBXNativeTarget "Overlays_mapkitTests" */ = {
			isa = XCConfigurationList;
			buildConfigurations = (
				ECA18C5A2D202C9000F88FCE /* Debug */,
				ECA18C5B2D202C9000F88FCE /* Release */,
			);
			defaultConfigurationIsVisible = 0;
			defaultConfigurationName = Release;
		};
		ECA18C5C2D202C9000F88FCE /* Build configuration list for PBXNativeTarget "Overlays_mapkitUITests" */ = {
			isa = XCConfigurationList;
			buildConfigurations = (
				ECA18C5D2D202C9000F88FCE /* Debug */,
				ECA18C5E2D202C9000F88FCE /* Release */,
			);
			defaultConfigurationIsVisible = 0;
			defaultConfigurationName = Release;
		};
/* End XCConfigurationList section */
	};
	rootObject = ECA18C2A2D202C8E00F88FCE /* Project object */;
}
